
Microsoft Visual Studio Solution File, Format Version 11.00
# Visual Studio 2010
Project("{FAE04EC0-301F-11D3-BF4B-00C04F79EFBC}") = "Assembly-CSharp", "Assembly-CSharp.csproj", "{7e2c8607-ab66-9ad6-a713-c5a4966ecaa3}"
EndProject
Project("{FAE04EC0-301F-11D3-BF4B-00C04F79EFBC}") = "Assembly-CSharp-Editor", "Assembly-CSharp-Editor.csproj", "{fa156b68-1cf9-1c78-f0ee-342160edb390}"
EndProject
Global
	GlobalSection(SolutionConfigurationPlatforms) = preSolution
		Debug|Any CPU = Debug|Any CPU
		Release|Any CPU = Release|Any CPU
	EndGlobalSection
	GlobalSection(ProjectConfigurationPlatforms) = postSolution
		{7e2c8607-ab66-9ad6-a713-c5a4966ecaa3}.Debug|Any CPU.ActiveCfg = Debug|Any CPU
		{7e2c8607-ab66-9ad6-a713-c5a4966ecaa3}.Debug|Any CPU.Build.0 = Debug|Any CPU
		{7e2c8607-ab66-9ad6-a713-c5a4966ecaa3}.Release|Any CPU.ActiveCfg = Release|Any CPU
		{7e2c8607-ab66-9ad6-a713-c5a4966ecaa3}.Release|Any CPU.Build.0 = Release|Any CPU
		{fa156b68-1cf9-1c78-f0ee-342160edb390}.Debug|Any CPU.ActiveCfg = Debug|Any CPU
		{fa156b68-1cf9-1c78-f0ee-342160edb390}.Debug|Any CPU.Build.0 = Debug|Any CPU
		{fa156b68-1cf9-1c78-f0ee-342160edb390}.Release|Any CPU.ActiveCfg = Release|Any CPU
		{fa156b68-1cf9-1c78-f0ee-342160edb390}.Release|Any CPU.Build.0 = Release|Any CPU
	EndGlobalSection
	GlobalSection(SolutionProperties) = preSolution
		HideSolutionNode = FALSE
	EndGlobalSection
EndGlobal
