Microsoft Visual Studio Solution File, Format Version 11.00
# Visual Studio 2010
Project("{FAE04EC0-301F-11D3-BF4B-00C04F79EFBC}") = "Assembly-CSharp", "Assembly-CSharp.csproj", "{383C0548-E204-3681-E416-5234502AF1D5}"
EndProject
Project("{FAE04EC0-301F-11D3-BF4B-00C04F79EFBC}") = "Assembly-CSharp-firstpass", "Assembly-CSharp-firstpass.csproj", "{4FB2588E-372E-9CC4-5A5F-48262A0B65A5}"
EndProject
Project("{FAE04EC0-301F-11D3-BF4B-00C04F79EFBC}") = "Assembly-CSharp-Editor-firstpass", "Assembly-CSharp-Editor-firstpass.csproj", "{31A649EC-32B1-C211-87F0-2183FA377B4F}"
EndProject
Global
	GlobalSection(SolutionConfigurationPlatforms) = preSolution
		Debug|Any CPU = Debug|Any CPU
		Release|Any CPU = Release|Any CPU
	EndGlobalSection
	GlobalSection(ProjectConfigurationPlatforms) = postSolution
		{383C0548-E204-3681-E416-5234502AF1D5}.Debug|Any CPU.ActiveCfg = Debug|Any CPU
		{383C0548-E204-3681-E416-5234502AF1D5}.Debug|Any CPU.Build.0 = Debug|Any CPU
		{383C0548-E204-3681-E416-5234502AF1D5}.Release|Any CPU.ActiveCfg = Release|Any CPU
		{383C0548-E204-3681-E416-5234502AF1D5}.Release|Any CPU.Build.0 = Release|Any CPU
		{4FB2588E-372E-9CC4-5A5F-48262A0B65A5}.Debug|Any CPU.ActiveCfg = Debug|Any CPU
		{4FB2588E-372E-9CC4-5A5F-48262A0B65A5}.Debug|Any CPU.Build.0 = Debug|Any CPU
		{4FB2588E-372E-9CC4-5A5F-48262A0B65A5}.Release|Any CPU.ActiveCfg = Release|Any CPU
		{4FB2588E-372E-9CC4-5A5F-48262A0B65A5}.Release|Any CPU.Build.0 = Release|Any CPU
		{31A649EC-32B1-C211-87F0-2183FA377B4F}.Debug|Any CPU.ActiveCfg = Debug|Any CPU
		{31A649EC-32B1-C211-87F0-2183FA377B4F}.Debug|Any CPU.Build.0 = Debug|Any CPU
		{31A649EC-32B1-C211-87F0-2183FA377B4F}.Release|Any CPU.ActiveCfg = Release|Any CPU
		{31A649EC-32B1-C211-87F0-2183FA377B4F}.Release|Any CPU.Build.0 = Release|Any CPU
	EndGlobalSection
	GlobalSection(SolutionProperties) = preSolution
		HideSolutionNode = FALSE
	EndGlobalSection
EndGlobal
